
Microsoft Visual Studio Solution File, Format Version 12.00
# Visual Studio Version 17
VisualStudioVersion = 17.6.33626.354
MinimumVisualStudioVersion = 10.0.40219.1
Project("{9A19103F-16F7-4668-BE54-9A1E7A4F7556}") = "Lox", "Lox\Lox.csproj", "{8C22B6D8-A59B-49C6-80F0-A0B5440BFD73}"
EndProject
Project("{2150E333-8FDC-42A3-9474-1A3956D46DE8}") = "Solution Items", "Solution Items", "{2F71B012-641A-4614-B1EF-B5F7E9B37814}"
	ProjectSection(SolutionItems) = preProject
		TextFile1.txt = TextFile1.txt
		TextFile2.txt = TextFile2.txt
		TextFile3.il = TextFile3.il
	EndProjectSection
EndProject
Project("{9A19103F-16F7-4668-BE54-9A1E7A4F7556}") = "TestLox", "TestLox\TestLox.csproj", "{8270A936-FF6F-4F39-8654-2076A963C6C9}"
EndProject
Global
	GlobalSection(SolutionConfigurationPlatforms) = preSolution
		Debug|Any CPU = Debug|Any CPU
		Debug|x64 = Debug|x64
		Debug|x86 = Debug|x86
		Release|Any CPU = Release|Any CPU
		Release|x64 = Release|x64
		Release|x86 = Release|x86
	EndGlobalSection
	GlobalSection(ProjectConfigurationPlatforms) = postSolution
		{8C22B6D8-A59B-49C6-80F0-A0B5440BFD73}.Debug|Any CPU.ActiveCfg = Debug|Any CPU
		{8C22B6D8-A59B-49C6-80F0-A0B5440BFD73}.Debug|Any CPU.Build.0 = Debug|Any CPU
		{8C22B6D8-A59B-49C6-80F0-A0B5440BFD73}.Debug|x64.ActiveCfg = Debug|Any CPU
		{8C22B6D8-A59B-49C6-80F0-A0B5440BFD73}.Debug|x64.Build.0 = Debug|Any CPU
		{8C22B6D8-A59B-49C6-80F0-A0B5440BFD73}.Debug|x86.ActiveCfg = Debug|Any CPU
		{8C22B6D8-A59B-49C6-80F0-A0B5440BFD73}.Debug|x86.Build.0 = Debug|Any CPU
		{8C22B6D8-A59B-49C6-80F0-A0B5440BFD73}.Release|Any CPU.ActiveCfg = Release|Any CPU
		{8C22B6D8-A59B-49C6-80F0-A0B5440BFD73}.Release|Any CPU.Build.0 = Release|Any CPU
		{8C22B6D8-A59B-49C6-80F0-A0B5440BFD73}.Release|x64.ActiveCfg = Release|x64
		{8C22B6D8-A59B-49C6-80F0-A0B5440BFD73}.Release|x64.Build.0 = Release|x64
		{8C22B6D8-A59B-49C6-80F0-A0B5440BFD73}.Release|x86.ActiveCfg = Release|Any CPU
		{8C22B6D8-A59B-49C6-80F0-A0B5440BFD73}.Release|x86.Build.0 = Release|Any CPU
		{8270A936-FF6F-4F39-8654-2076A963C6C9}.Debug|Any CPU.ActiveCfg = Debug|Any CPU
		{8270A936-FF6F-4F39-8654-2076A963C6C9}.Debug|Any CPU.Build.0 = Debug|Any CPU
		{8270A936-FF6F-4F39-8654-2076A963C6C9}.Debug|x64.ActiveCfg = Debug|Any CPU
		{8270A936-FF6F-4F39-8654-2076A963C6C9}.Debug|x64.Build.0 = Debug|Any CPU
		{8270A936-FF6F-4F39-8654-2076A963C6C9}.Debug|x86.ActiveCfg = Debug|Any CPU
		{8270A936-FF6F-4F39-8654-2076A963C6C9}.Debug|x86.Build.0 = Debug|Any CPU
		{8270A936-FF6F-4F39-8654-2076A963C6C9}.Release|Any CPU.ActiveCfg = Release|Any CPU
		{8270A936-FF6F-4F39-8654-2076A963C6C9}.Release|Any CPU.Build.0 = Release|Any CPU
		{8270A936-FF6F-4F39-8654-2076A963C6C9}.Release|x64.ActiveCfg = Release|Any CPU
		{8270A936-FF6F-4F39-8654-2076A963C6C9}.Release|x64.Build.0 = Release|Any CPU
		{8270A936-FF6F-4F39-8654-2076A963C6C9}.Release|x86.ActiveCfg = Release|Any CPU
		{8270A936-FF6F-4F39-8654-2076A963C6C9}.Release|x86.Build.0 = Release|Any CPU
	EndGlobalSection
	GlobalSection(SolutionProperties) = preSolution
		HideSolutionNode = FALSE
	EndGlobalSection
	GlobalSection(ExtensibilityGlobals) = postSolution
		SolutionGuid = {0F8215FF-7676-492F-B8CF-D2100F14F53C}
	EndGlobalSection
EndGlobal
